{
  "nodes": {
    "deno-aarch64-darwin": {
      "flake": false,
      "locked": {
        "lastModified": 1729217427,
        "narHash": "sha256-3lGn2C1FQq9hYw8i7oQH6FTxvkOKgaEFtrnPiQUudn4=",
        "type": "tarball",
        "url": "https://github.com/denoland/deno/releases/download/v2.0.2/deno-aarch64-apple-darwin.zip"
      },
      "original": {
        "type": "tarball",
        "url": "https://github.com/denoland/deno/releases/download/v2.0.2/deno-aarch64-apple-darwin.zip"
      }
    },
    "deno-aarch64-linux": {
      "flake": false,
      "locked": {
        "lastModified": 1729210890,
        "narHash": "sha256-7XwUNetmRcq5pRToF2iauw+B5YVmI3nkduwVbu3b2Fg=",
        "type": "tarball",
        "url": "https://github.com/denoland/deno/releases/download/v2.0.2/deno-aarch64-unknown-linux-gnu.zip"
      },
      "original": {
        "type": "tarball",
        "url": "https://github.com/denoland/deno/releases/download/v2.0.2/deno-aarch64-unknown-linux-gnu.zip"
      }
    },
    "deno-x86_64-darwin": {
      "flake": false,
      "locked": {
        "lastModified": 1729213525,
        "narHash": "sha256-qqbhdMsais2DqSiyVgMclDIjVsneKX6E113PhCSWNPY=",
        "type": "tarball",
        "url": "https://github.com/denoland/deno/releases/download/v2.0.2/deno-x86_64-apple-darwin.zip"
      },
      "original": {
        "type": "tarball",
        "url": "https://github.com/denoland/deno/releases/download/v2.0.2/deno-x86_64-apple-darwin.zip"
      }
    },
    "deno-x86_64-linux": {
      "flake": false,
      "locked": {
        "lastModified": 1729211060,
        "narHash": "sha256-H4lmSQeNF+ozNAGeBOXcGjtPpbaHCVsy2BYn0UvYwnQ=",
        "type": "tarball",
        "url": "https://github.com/denoland/deno/releases/download/v2.0.2/deno-x86_64-unknown-linux-gnu.zip"
      },
      "original": {
        "type": "tarball",
        "url": "https://github.com/denoland/deno/releases/download/v2.0.2/deno-x86_64-unknown-linux-gnu.zip"
      }
    },
    "flake-utils": {
      "inputs": {
        "systems": "systems"
      },
      "locked": {
        "lastModified": 1726560853,
        "narHash": "sha256-X6rJYSESBVr3hBoH0WbKE5KvhPU5bloyZ2L4K60/fPQ=",
        "owner": "numtide",
        "repo": "flake-utils",
        "rev": "c1dfcf08411b08f6b8615f7d8971a2bfa81d5e8a",
        "type": "github"
      },
      "original": {
        "owner": "numtide",
        "repo": "flake-utils",
        "type": "github"
      }
    },
    "nixpkgs": {
      "locked": {
        "lastModified": 1728645113,
        "narHash": "sha256-LonxC6XoNcVsUCA4qIuEqjI7m8ciq81jgyTsqYyUNpc=",
        "owner": "nixos",
        "repo": "nixpkgs",
        "rev": "f63e30a8cb959eafe82d47b03ac7093431aca6ce",
        "type": "github"
      },
      "original": {
        "owner": "nixos",
        "repo": "nixpkgs",
        "type": "github"
      }
    },
    "root": {
      "inputs": {
        "deno-aarch64-darwin": "deno-aarch64-darwin",
        "deno-aarch64-linux": "deno-aarch64-linux",
        "deno-x86_64-darwin": "deno-x86_64-darwin",
        "deno-x86_64-linux": "deno-x86_64-linux",
        "flake-utils": "flake-utils",
        "nixpkgs": "nixpkgs"
      }
    },
    "systems": {
      "locked": {
        "lastModified": 1681028828,
        "narHash": "sha256-Vy1rq5AaRuLzOxct8nz4T6wlgyUR7zLU309k9mBC768=",
        "owner": "nix-systems",
        "repo": "default",
        "rev": "da67096a3b9bf56a91d16901293e51ba5b49a27e",
        "type": "github"
      },
      "original": {
        "owner": "nix-systems",
        "repo": "default",
        "type": "github"
      }
    }
  },
  "root": "root",
  "version": 7
}
